
Microsoft Visual Studio Solution File, Format Version 12.00
# Visual Studio Version 17
VisualStudioVersion = 17.8.34322.80
MinimumVisualStudioVersion = 10.0.40219.1
Project("{9A19103F-16F7-4668-BE54-9A1E7A4F7556}") = "Management.Shell", "Management.Shell\Management.Shell.csproj", "{8736167C-9883-4B0E-A14E-9D7536C63E4B}"
EndProject
Project("{2150E333-8FDC-42A3-9474-1A3956D46DE8}") = "Thirdparty", "Thirdparty", "{6BAC630B-3661-4E6E-9780-EDC6A0F112FE}"
EndProject
Project("{2150E333-8FDC-42A3-9474-1A3956D46DE8}") = "HandyControl", "HandyControl", "{5003CD52-A4DB-493E-8230-15A7D9E3BE58}"
EndProject
Project("{2150E333-8FDC-42A3-9474-1A3956D46DE8}") = "NET_GE45", "NET_GE45", "{5EA611A1-6B01-4DF6-AF93-37321AFC0433}"
EndProject
Project("{2150E333-8FDC-42A3-9474-1A3956D46DE8}") = "Shared", "Shared", "{BC5D91AB-D0D0-44E2-85CC-3A4B91BC13DA}"
EndProject
Project("{9A19103F-16F7-4668-BE54-9A1E7A4F7556}") = "HandyControl_Net_GE45", "Thirdparty\HandyControl\Net_GE45\HandyControl_Net_GE45\HandyControl_Net_GE45.csproj", "{D82B8116-1F28-476C-849A-DFAE03BD2DF0}"
EndProject
Project("{D954291E-2A0B-460D-934E-DC6B0785DB48}") = "HandyControl_Shared", "Thirdparty\HandyControl\Shared\HandyControl_Shared\HandyControl_Shared.shproj", "{AAC11083-FACA-405D-9197-5C1212D65656}"
EndProject
Project("{D954291E-2A0B-460D-934E-DC6B0785DB48}") = "Microsoft.Expression.Drawing", "Thirdparty\HandyControl\Shared\Microsoft.Expression.Drawing\Microsoft.Expression.Drawing.shproj", "{E5DC7C25-6293-4660-B5FB-186496386B90}"
EndProject
Project("{D954291E-2A0B-460D-934E-DC6B0785DB48}") = "Microsoft.Expression.Interactions", "Thirdparty\HandyControl\Shared\Microsoft.Expression.Interactions\Microsoft.Expression.Interactions.shproj", "{3531857C-28FC-4E0F-82D9-BFBB70740E04}"
EndProject
Project("{D954291E-2A0B-460D-934E-DC6B0785DB48}") = "Microsoft.Windows.Shell", "Thirdparty\HandyControl\Shared\Microsoft.Windows.Shell\Microsoft.Windows.Shell.shproj", "{BBE51380-8B21-49FF-9CFC-B29447A40999}"
EndProject
Project("{D954291E-2A0B-460D-934E-DC6B0785DB48}") = "System.Windows.Interactivity", "Thirdparty\HandyControl\Shared\System.Windows.Interactivity\System.Windows.Interactivity.shproj", "{6F0C9CFF-2269-46A7-9664-478354C582A4}"
EndProject
Project("{2150E333-8FDC-42A3-9474-1A3956D46DE8}") = "Core", "Core", "{4EF94E77-6680-4023-AA8B-609A5881CF4F}"
EndProject
Project("{9A19103F-16F7-4668-BE54-9A1E7A4F7556}") = "Management.Core", "Core\Management.Core\Management.Core.csproj", "{D8975365-7641-46FC-A11C-0FC23BFEB8EA}"
EndProject
Project("{9A19103F-16F7-4668-BE54-9A1E7A4F7556}") = "Management.Shared", "Core\Management.Shared\Management.Shared.csproj", "{548E6D25-AC7D-4A4F-A3A6-D76E1D47C883}"
EndProject
Project("{9A19103F-16F7-4668-BE54-9A1E7A4F7556}") = "Management.UI", "Core\Management.UI\Management.UI.csproj", "{BEA0B57E-2410-4639-84B8-A1F68338DEE7}"
EndProject
Project("{2150E333-8FDC-42A3-9474-1A3956D46DE8}") = "ModuleSolutions", "ModuleSolutions", "{F82C6E44-BDF0-41D0-9FF2-0AF4B27A709D}"
EndProject
Project("{9A19103F-16F7-4668-BE54-9A1E7A4F7556}") = "Management.Auth", "ModuleSolutions\Management.Auth\Management.Auth.csproj", "{FE12DC28-87C1-4826-B848-7AA72C8DA514}"
EndProject
Project("{9A19103F-16F7-4668-BE54-9A1E7A4F7556}") = "Management.Comport", "ModuleSolutions\Management.Comport\Management.Comport.csproj", "{86744508-80B0-4309-AA55-4E44A535F841}"
EndProject
Project("{9A19103F-16F7-4668-BE54-9A1E7A4F7556}") = "Management.Database", "ModuleSolutions\Management.Database\Management.Database.csproj", "{6C276FFE-3D0B-457D-BE5C-42B4CA427A31}"
EndProject
Project("{9A19103F-16F7-4668-BE54-9A1E7A4F7556}") = "Management.Monitoring", "ModuleSolutions\Management.Monitoring\Management.Monitoring.csproj", "{17BCF776-573C-4C25-858C-1BECB6880EE6}"
EndProject
Project("{2150E333-8FDC-42A3-9474-1A3956D46DE8}") = "Sevices", "Sevices", "{7795B041-796F-4929-96CC-E97E7DFB3E7A}"
EndProject
Project("{9A19103F-16F7-4668-BE54-9A1E7A4F7556}") = "Management.Devices", "Services\Management.Devices\Management.Devices.csproj", "{62D3C2B3-7D0A-422C-95D2-4E8B63025028}"
EndProject
Project("{9A19103F-16F7-4668-BE54-9A1E7A4F7556}") = "Management.EntityFramework", "Services\Management.EntityFramework\Management.EntityFramework.csproj", "{8FAC25D0-5B25-4B61-87E5-469DB31FE945}"
EndProject
Project("{2150E333-8FDC-42A3-9474-1A3956D46DE8}") = "Project", "Project", "{8C63EAB6-D209-450F-9079-3113B1CB5EF9}"
EndProject
Project("{9A19103F-16F7-4668-BE54-9A1E7A4F7556}") = "Management.Projects.SchoolManagement", "Project\Management.Projects.SchoolManagement\Management.Projects.SchoolManagement.csproj", "{95CF33B4-B7BD-4B39-971E-89A1CA13E313}"
EndProject
Project("{2150E333-8FDC-42A3-9474-1A3956D46DE8}") = "ModuleProjects", "ModuleProjects", "{A1D6BF5F-7984-4F9C-B115-43A38EE43EE6}"
EndProject
Project("{9A19103F-16F7-4668-BE54-9A1E7A4F7556}") = "Management.SchoolManagement.SettingAccount", "Project\ModuleProjects\Management.SchoolManagement.SettingAccount\Management.SchoolManagement.SettingAccount.csproj", "{1107A221-FC5E-4CB5-8B5B-8D2C0BCD3B52}"
EndProject
Project("{9A19103F-16F7-4668-BE54-9A1E7A4F7556}") = "Management.PCan", "ModuleSolutions\Management.PCan\Management.PCan.csproj", "{64750523-CAE4-42F4-B5DB-26A109DC96D8}"
EndProject
Project("{9A19103F-16F7-4668-BE54-9A1E7A4F7556}") = "PCANDevice", "Thirdparty\PCANDevice\PCANDevice.csproj", "{F94229DC-DD78-4726-8D4D-9449222F011D}"
EndProject
Project("{9A19103F-16F7-4668-BE54-9A1E7A4F7556}") = "Management.LiveChart", "ModuleSolutions\Management.LiveChart\Management.LiveChart.csproj", "{73E703ED-C3C9-4EE7-B0F5-8CA7FDB07774}"
EndProject
Project("{FAE04EC0-301F-11D3-BF4B-00C04F79EFBC}") = "Management.Video", "ModuleSolutions\Management.Video\Management.Video.csproj", "{EA24C96A-0A32-4165-8A76-7A43535E7DBB}"
EndProject
Global
	GlobalSection(SolutionConfigurationPlatforms) = preSolution
		Debug|Any CPU = Debug|Any CPU
		Debug|x64 = Debug|x64
		Debug|x86 = Debug|x86
		Release|Any CPU = Release|Any CPU
		Release|x64 = Release|x64
		Release|x86 = Release|x86
	EndGlobalSection
	GlobalSection(ProjectConfigurationPlatforms) = postSolution
		{8736167C-9883-4B0E-A14E-9D7536C63E4B}.Debug|Any CPU.ActiveCfg = Debug|Any CPU
		{8736167C-9883-4B0E-A14E-9D7536C63E4B}.Debug|Any CPU.Build.0 = Debug|Any CPU
		{8736167C-9883-4B0E-A14E-9D7536C63E4B}.Debug|x64.ActiveCfg = Debug|Any CPU
		{8736167C-9883-4B0E-A14E-9D7536C63E4B}.Debug|x64.Build.0 = Debug|Any CPU
		{8736167C-9883-4B0E-A14E-9D7536C63E4B}.Debug|x86.ActiveCfg = Debug|Any CPU
		{8736167C-9883-4B0E-A14E-9D7536C63E4B}.Debug|x86.Build.0 = Debug|Any CPU
		{8736167C-9883-4B0E-A14E-9D7536C63E4B}.Release|Any CPU.ActiveCfg = Release|Any CPU
		{8736167C-9883-4B0E-A14E-9D7536C63E4B}.Release|Any CPU.Build.0 = Release|Any CPU
		{8736167C-9883-4B0E-A14E-9D7536C63E4B}.Release|x64.ActiveCfg = Release|Any CPU
		{8736167C-9883-4B0E-A14E-9D7536C63E4B}.Release|x64.Build.0 = Release|Any CPU
		{8736167C-9883-4B0E-A14E-9D7536C63E4B}.Release|x86.ActiveCfg = Release|Any CPU
		{8736167C-9883-4B0E-A14E-9D7536C63E4B}.Release|x86.Build.0 = Release|Any CPU
		{D82B8116-1F28-476C-849A-DFAE03BD2DF0}.Debug|Any CPU.ActiveCfg = Debug|Any CPU
		{D82B8116-1F28-476C-849A-DFAE03BD2DF0}.Debug|Any CPU.Build.0 = Debug|Any CPU
		{D82B8116-1F28-476C-849A-DFAE03BD2DF0}.Debug|x64.ActiveCfg = Debug|x64
		{D82B8116-1F28-476C-849A-DFAE03BD2DF0}.Debug|x64.Build.0 = Debug|x64
		{D82B8116-1F28-476C-849A-DFAE03BD2DF0}.Debug|x86.ActiveCfg = Debug|Any CPU
		{D82B8116-1F28-476C-849A-DFAE03BD2DF0}.Debug|x86.Build.0 = Debug|Any CPU
		{D82B8116-1F28-476C-849A-DFAE03BD2DF0}.Release|Any CPU.ActiveCfg = Release|Any CPU
		{D82B8116-1F28-476C-849A-DFAE03BD2DF0}.Release|Any CPU.Build.0 = Release|Any CPU
		{D82B8116-1F28-476C-849A-DFAE03BD2DF0}.Release|x64.ActiveCfg = Release|x64
		{D82B8116-1F28-476C-849A-DFAE03BD2DF0}.Release|x64.Build.0 = Release|x64
		{D82B8116-1F28-476C-849A-DFAE03BD2DF0}.Release|x86.ActiveCfg = Release|Any CPU
		{D82B8116-1F28-476C-849A-DFAE03BD2DF0}.Release|x86.Build.0 = Release|Any CPU
		{D8975365-7641-46FC-A11C-0FC23BFEB8EA}.Debug|Any CPU.ActiveCfg = Debug|Any CPU
		{D8975365-7641-46FC-A11C-0FC23BFEB8EA}.Debug|Any CPU.Build.0 = Debug|Any CPU
		{D8975365-7641-46FC-A11C-0FC23BFEB8EA}.Debug|x64.ActiveCfg = Debug|Any CPU
		{D8975365-7641-46FC-A11C-0FC23BFEB8EA}.Debug|x64.Build.0 = Debug|Any CPU
		{D8975365-7641-46FC-A11C-0FC23BFEB8EA}.Debug|x86.ActiveCfg = Debug|Any CPU
		{D8975365-7641-46FC-A11C-0FC23BFEB8EA}.Debug|x86.Build.0 = Debug|Any CPU
		{D8975365-7641-46FC-A11C-0FC23BFEB8EA}.Release|Any CPU.ActiveCfg = Release|Any CPU
		{D8975365-7641-46FC-A11C-0FC23BFEB8EA}.Release|Any CPU.Build.0 = Release|Any CPU
		{D8975365-7641-46FC-A11C-0FC23BFEB8EA}.Release|x64.ActiveCfg = Release|Any CPU
		{D8975365-7641-46FC-A11C-0FC23BFEB8EA}.Release|x64.Build.0 = Release|Any CPU
		{D8975365-7641-46FC-A11C-0FC23BFEB8EA}.Release|x86.ActiveCfg = Release|Any CPU
		{D8975365-7641-46FC-A11C-0FC23BFEB8EA}.Release|x86.Build.0 = Release|Any CPU
		{548E6D25-AC7D-4A4F-A3A6-D76E1D47C883}.Debug|Any CPU.ActiveCfg = Debug|Any CPU
		{548E6D25-AC7D-4A4F-A3A6-D76E1D47C883}.Debug|Any CPU.Build.0 = Debug|Any CPU
		{548E6D25-AC7D-4A4F-A3A6-D76E1D47C883}.Debug|x64.ActiveCfg = Debug|Any CPU
		{548E6D25-AC7D-4A4F-A3A6-D76E1D47C883}.Debug|x64.Build.0 = Debug|Any CPU
		{548E6D25-AC7D-4A4F-A3A6-D76E1D47C883}.Debug|x86.ActiveCfg = Debug|Any CPU
		{548E6D25-AC7D-4A4F-A3A6-D76E1D47C883}.Debug|x86.Build.0 = Debug|Any CPU
		{548E6D25-AC7D-4A4F-A3A6-D76E1D47C883}.Release|Any CPU.ActiveCfg = Release|Any CPU
		{548E6D25-AC7D-4A4F-A3A6-D76E1D47C883}.Release|Any CPU.Build.0 = Release|Any CPU
		{548E6D25-AC7D-4A4F-A3A6-D76E1D47C883}.Release|x64.ActiveCfg = Release|Any CPU
		{548E6D25-AC7D-4A4F-A3A6-D76E1D47C883}.Release|x64.Build.0 = Release|Any CPU
		{548E6D25-AC7D-4A4F-A3A6-D76E1D47C883}.Release|x86.ActiveCfg = Release|Any CPU
		{548E6D25-AC7D-4A4F-A3A6-D76E1D47C883}.Release|x86.Build.0 = Release|Any CPU
		{BEA0B57E-2410-4639-84B8-A1F68338DEE7}.Debug|Any CPU.ActiveCfg = Debug|Any CPU
		{BEA0B57E-2410-4639-84B8-A1F68338DEE7}.Debug|Any CPU.Build.0 = Debug|Any CPU
		{BEA0B57E-2410-4639-84B8-A1F68338DEE7}.Debug|x64.ActiveCfg = Debug|Any CPU
		{BEA0B57E-2410-4639-84B8-A1F68338DEE7}.Debug|x64.Build.0 = Debug|Any CPU
		{BEA0B57E-2410-4639-84B8-A1F68338DEE7}.Debug|x86.ActiveCfg = Debug|Any CPU
		{BEA0B57E-2410-4639-84B8-A1F68338DEE7}.Debug|x86.Build.0 = Debug|Any CPU
		{BEA0B57E-2410-4639-84B8-A1F68338DEE7}.Release|Any CPU.ActiveCfg = Release|Any CPU
		{BEA0B57E-2410-4639-84B8-A1F68338DEE7}.Release|Any CPU.Build.0 = Release|Any CPU
		{BEA0B57E-2410-4639-84B8-A1F68338DEE7}.Release|x64.ActiveCfg = Release|Any CPU
		{BEA0B57E-2410-4639-84B8-A1F68338DEE7}.Release|x64.Build.0 = Release|Any CPU
		{BEA0B57E-2410-4639-84B8-A1F68338DEE7}.Release|x86.ActiveCfg = Release|Any CPU
		{BEA0B57E-2410-4639-84B8-A1F68338DEE7}.Release|x86.Build.0 = Release|Any CPU
		{FE12DC28-87C1-4826-B848-7AA72C8DA514}.Debug|Any CPU.ActiveCfg = Debug|Any CPU
		{FE12DC28-87C1-4826-B848-7AA72C8DA514}.Debug|Any CPU.Build.0 = Debug|Any CPU
		{FE12DC28-87C1-4826-B848-7AA72C8DA514}.Debug|x64.ActiveCfg = Debug|Any CPU
		{FE12DC28-87C1-4826-B848-7AA72C8DA514}.Debug|x64.Build.0 = Debug|Any CPU
		{FE12DC28-87C1-4826-B848-7AA72C8DA514}.Debug|x86.ActiveCfg = Debug|Any CPU
		{FE12DC28-87C1-4826-B848-7AA72C8DA514}.Debug|x86.Build.0 = Debug|Any CPU
		{FE12DC28-87C1-4826-B848-7AA72C8DA514}.Release|Any CPU.ActiveCfg = Release|Any CPU
		{FE12DC28-87C1-4826-B848-7AA72C8DA514}.Release|Any CPU.Build.0 = Release|Any CPU
		{FE12DC28-87C1-4826-B848-7AA72C8DA514}.Release|x64.ActiveCfg = Release|Any CPU
		{FE12DC28-87C1-4826-B848-7AA72C8DA514}.Release|x64.Build.0 = Release|Any CPU
		{FE12DC28-87C1-4826-B848-7AA72C8DA514}.Release|x86.ActiveCfg = Release|Any CPU
		{FE12DC28-87C1-4826-B848-7AA72C8DA514}.Release|x86.Build.0 = Release|Any CPU
		{86744508-80B0-4309-AA55-4E44A535F841}.Debug|Any CPU.ActiveCfg = Debug|Any CPU
		{86744508-80B0-4309-AA55-4E44A535F841}.Debug|Any CPU.Build.0 = Debug|Any CPU
		{86744508-80B0-4309-AA55-4E44A535F841}.Debug|x64.ActiveCfg = Debug|Any CPU
		{86744508-80B0-4309-AA55-4E44A535F841}.Debug|x64.Build.0 = Debug|Any CPU
		{86744508-80B0-4309-AA55-4E44A535F841}.Debug|x86.ActiveCfg = Debug|Any CPU
		{86744508-80B0-4309-AA55-4E44A535F841}.Debug|x86.Build.0 = Debug|Any CPU
		{86744508-80B0-4309-AA55-4E44A535F841}.Release|Any CPU.ActiveCfg = Release|Any CPU
		{86744508-80B0-4309-AA55-4E44A535F841}.Release|Any CPU.Build.0 = Release|Any CPU
		{86744508-80B0-4309-AA55-4E44A535F841}.Release|x64.ActiveCfg = Release|Any CPU
		{86744508-80B0-4309-AA55-4E44A535F841}.Release|x64.Build.0 = Release|Any CPU
		{86744508-80B0-4309-AA55-4E44A535F841}.Release|x86.ActiveCfg = Release|Any CPU
		{86744508-80B0-4309-AA55-4E44A535F841}.Release|x86.Build.0 = Release|Any CPU
		{6C276FFE-3D0B-457D-BE5C-42B4CA427A31}.Debug|Any CPU.ActiveCfg = Debug|Any CPU
		{6C276FFE-3D0B-457D-BE5C-42B4CA427A31}.Debug|Any CPU.Build.0 = Debug|Any CPU
		{6C276FFE-3D0B-457D-BE5C-42B4CA427A31}.Debug|x64.ActiveCfg = Debug|Any CPU
		{6C276FFE-3D0B-457D-BE5C-42B4CA427A31}.Debug|x64.Build.0 = Debug|Any CPU
		{6C276FFE-3D0B-457D-BE5C-42B4CA427A31}.Debug|x86.ActiveCfg = Debug|Any CPU
		{6C276FFE-3D0B-457D-BE5C-42B4CA427A31}.Debug|x86.Build.0 = Debug|Any CPU
		{6C276FFE-3D0B-457D-BE5C-42B4CA427A31}.Release|Any CPU.ActiveCfg = Release|Any CPU
		{6C276FFE-3D0B-457D-BE5C-42B4CA427A31}.Release|Any CPU.Build.0 = Release|Any CPU
		{6C276FFE-3D0B-457D-BE5C-42B4CA427A31}.Release|x64.ActiveCfg = Release|Any CPU
		{6C276FFE-3D0B-457D-BE5C-42B4CA427A31}.Release|x64.Build.0 = Release|Any CPU
		{6C276FFE-3D0B-457D-BE5C-42B4CA427A31}.Release|x86.ActiveCfg = Release|Any CPU
		{6C276FFE-3D0B-457D-BE5C-42B4CA427A31}.Release|x86.Build.0 = Release|Any CPU
		{17BCF776-573C-4C25-858C-1BECB6880EE6}.Debug|Any CPU.ActiveCfg = Debug|Any CPU
		{17BCF776-573C-4C25-858C-1BECB6880EE6}.Debug|Any CPU.Build.0 = Debug|Any CPU
		{17BCF776-573C-4C25-858C-1BECB6880EE6}.Debug|x64.ActiveCfg = Debug|Any CPU
		{17BCF776-573C-4C25-858C-1BECB6880EE6}.Debug|x64.Build.0 = Debug|Any CPU
		{17BCF776-573C-4C25-858C-1BECB6880EE6}.Debug|x86.ActiveCfg = Debug|Any CPU
		{17BCF776-573C-4C25-858C-1BECB6880EE6}.Debug|x86.Build.0 = Debug|Any CPU
		{17BCF776-573C-4C25-858C-1BECB6880EE6}.Release|Any CPU.ActiveCfg = Release|Any CPU
		{17BCF776-573C-4C25-858C-1BECB6880EE6}.Release|Any CPU.Build.0 = Release|Any CPU
		{17BCF776-573C-4C25-858C-1BECB6880EE6}.Release|x64.ActiveCfg = Release|Any CPU
		{17BCF776-573C-4C25-858C-1BECB6880EE6}.Release|x64.Build.0 = Release|Any CPU
		{17BCF776-573C-4C25-858C-1BECB6880EE6}.Release|x86.ActiveCfg = Release|Any CPU
		{17BCF776-573C-4C25-858C-1BECB6880EE6}.Release|x86.Build.0 = Release|Any CPU
		{62D3C2B3-7D0A-422C-95D2-4E8B63025028}.Debug|Any CPU.ActiveCfg = Debug|Any CPU
		{62D3C2B3-7D0A-422C-95D2-4E8B63025028}.Debug|Any CPU.Build.0 = Debug|Any CPU
		{62D3C2B3-7D0A-422C-95D2-4E8B63025028}.Debug|x64.ActiveCfg = Debug|Any CPU
		{62D3C2B3-7D0A-422C-95D2-4E8B63025028}.Debug|x64.Build.0 = Debug|Any CPU
		{62D3C2B3-7D0A-422C-95D2-4E8B63025028}.Debug|x86.ActiveCfg = Debug|Any CPU
		{62D3C2B3-7D0A-422C-95D2-4E8B63025028}.Debug|x86.Build.0 = Debug|Any CPU
		{62D3C2B3-7D0A-422C-95D2-4E8B63025028}.Release|Any CPU.ActiveCfg = Release|Any CPU
		{62D3C2B3-7D0A-422C-95D2-4E8B63025028}.Release|Any CPU.Build.0 = Release|Any CPU
		{62D3C2B3-7D0A-422C-95D2-4E8B63025028}.Release|x64.ActiveCfg = Release|Any CPU
		{62D3C2B3-7D0A-422C-95D2-4E8B63025028}.Release|x64.Build.0 = Release|Any CPU
		{62D3C2B3-7D0A-422C-95D2-4E8B63025028}.Release|x86.ActiveCfg = Release|Any CPU
		{62D3C2B3-7D0A-422C-95D2-4E8B63025028}.Release|x86.Build.0 = Release|Any CPU
		{8FAC25D0-5B25-4B61-87E5-469DB31FE945}.Debug|Any CPU.ActiveCfg = Debug|Any CPU
		{8FAC25D0-5B25-4B61-87E5-469DB31FE945}.Debug|Any CPU.Build.0 = Debug|Any CPU
		{8FAC25D0-5B25-4B61-87E5-469DB31FE945}.Debug|x64.ActiveCfg = Debug|Any CPU
		{8FAC25D0-5B25-4B61-87E5-469DB31FE945}.Debug|x64.Build.0 = Debug|Any CPU
		{8FAC25D0-5B25-4B61-87E5-469DB31FE945}.Debug|x86.ActiveCfg = Debug|Any CPU
		{8FAC25D0-5B25-4B61-87E5-469DB31FE945}.Debug|x86.Build.0 = Debug|Any CPU
		{8FAC25D0-5B25-4B61-87E5-469DB31FE945}.Release|Any CPU.ActiveCfg = Release|Any CPU
		{8FAC25D0-5B25-4B61-87E5-469DB31FE945}.Release|Any CPU.Build.0 = Release|Any CPU
		{8FAC25D0-5B25-4B61-87E5-469DB31FE945}.Release|x64.ActiveCfg = Release|Any CPU
		{8FAC25D0-5B25-4B61-87E5-469DB31FE945}.Release|x64.Build.0 = Release|Any CPU
		{8FAC25D0-5B25-4B61-87E5-469DB31FE945}.Release|x86.ActiveCfg = Release|Any CPU
		{8FAC25D0-5B25-4B61-87E5-469DB31FE945}.Release|x86.Build.0 = Release|Any CPU
		{95CF33B4-B7BD-4B39-971E-89A1CA13E313}.Debug|Any CPU.ActiveCfg = Debug|Any CPU
		{95CF33B4-B7BD-4B39-971E-89A1CA13E313}.Debug|Any CPU.Build.0 = Debug|Any CPU
		{95CF33B4-B7BD-4B39-971E-89A1CA13E313}.Debug|x64.ActiveCfg = Debug|Any CPU
		{95CF33B4-B7BD-4B39-971E-89A1CA13E313}.Debug|x64.Build.0 = Debug|Any CPU
		{95CF33B4-B7BD-4B39-971E-89A1CA13E313}.Debug|x86.ActiveCfg = Debug|Any CPU
		{95CF33B4-B7BD-4B39-971E-89A1CA13E313}.Debug|x86.Build.0 = Debug|Any CPU
		{95CF33B4-B7BD-4B39-971E-89A1CA13E313}.Release|Any CPU.ActiveCfg = Release|Any CPU
		{95CF33B4-B7BD-4B39-971E-89A1CA13E313}.Release|Any CPU.Build.0 = Release|Any CPU
		{95CF33B4-B7BD-4B39-971E-89A1CA13E313}.Release|x64.ActiveCfg = Release|Any CPU
		{95CF33B4-B7BD-4B39-971E-89A1CA13E313}.Release|x64.Build.0 = Release|Any CPU
		{95CF33B4-B7BD-4B39-971E-89A1CA13E313}.Release|x86.ActiveCfg = Release|Any CPU
		{95CF33B4-B7BD-4B39-971E-89A1CA13E313}.Release|x86.Build.0 = Release|Any CPU
		{1107A221-FC5E-4CB5-8B5B-8D2C0BCD3B52}.Debug|Any CPU.ActiveCfg = Debug|Any CPU
		{1107A221-FC5E-4CB5-8B5B-8D2C0BCD3B52}.Debug|Any CPU.Build.0 = Debug|Any CPU
		{1107A221-FC5E-4CB5-8B5B-8D2C0BCD3B52}.Debug|x64.ActiveCfg = Debug|Any CPU
		{1107A221-FC5E-4CB5-8B5B-8D2C0BCD3B52}.Debug|x64.Build.0 = Debug|Any CPU
		{1107A221-FC5E-4CB5-8B5B-8D2C0BCD3B52}.Debug|x86.ActiveCfg = Debug|Any CPU
		{1107A221-FC5E-4CB5-8B5B-8D2C0BCD3B52}.Debug|x86.Build.0 = Debug|Any CPU
		{1107A221-FC5E-4CB5-8B5B-8D2C0BCD3B52}.Release|Any CPU.ActiveCfg = Release|Any CPU
		{1107A221-FC5E-4CB5-8B5B-8D2C0BCD3B52}.Release|Any CPU.Build.0 = Release|Any CPU
		{1107A221-FC5E-4CB5-8B5B-8D2C0BCD3B52}.Release|x64.ActiveCfg = Release|Any CPU
		{1107A221-FC5E-4CB5-8B5B-8D2C0BCD3B52}.Release|x64.Build.0 = Release|Any CPU
		{1107A221-FC5E-4CB5-8B5B-8D2C0BCD3B52}.Release|x86.ActiveCfg = Release|Any CPU
		{1107A221-FC5E-4CB5-8B5B-8D2C0BCD3B52}.Release|x86.Build.0 = Release|Any CPU
		{64750523-CAE4-42F4-B5DB-26A109DC96D8}.Debug|Any CPU.ActiveCfg = Debug|Any CPU
		{64750523-CAE4-42F4-B5DB-26A109DC96D8}.Debug|Any CPU.Build.0 = Debug|Any CPU
		{64750523-CAE4-42F4-B5DB-26A109DC96D8}.Debug|x64.ActiveCfg = Debug|Any CPU
		{64750523-CAE4-42F4-B5DB-26A109DC96D8}.Debug|x64.Build.0 = Debug|Any CPU
		{64750523-CAE4-42F4-B5DB-26A109DC96D8}.Debug|x86.ActiveCfg = Debug|Any CPU
		{64750523-CAE4-42F4-B5DB-26A109DC96D8}.Debug|x86.Build.0 = Debug|Any CPU
		{64750523-CAE4-42F4-B5DB-26A109DC96D8}.Release|Any CPU.ActiveCfg = Release|Any CPU
		{64750523-CAE4-42F4-B5DB-26A109DC96D8}.Release|Any CPU.Build.0 = Release|Any CPU
		{64750523-CAE4-42F4-B5DB-26A109DC96D8}.Release|x64.ActiveCfg = Release|Any CPU
		{64750523-CAE4-42F4-B5DB-26A109DC96D8}.Release|x64.Build.0 = Release|Any CPU
		{64750523-CAE4-42F4-B5DB-26A109DC96D8}.Release|x86.ActiveCfg = Release|Any CPU
		{64750523-CAE4-42F4-B5DB-26A109DC96D8}.Release|x86.Build.0 = Release|Any CPU
		{F94229DC-DD78-4726-8D4D-9449222F011D}.Debug|Any CPU.ActiveCfg = Debug|Any CPU
		{F94229DC-DD78-4726-8D4D-9449222F011D}.Debug|Any CPU.Build.0 = Debug|Any CPU
		{F94229DC-DD78-4726-8D4D-9449222F011D}.Debug|x64.ActiveCfg = Debug|x64
		{F94229DC-DD78-4726-8D4D-9449222F011D}.Debug|x64.Build.0 = Debug|x64
		{F94229DC-DD78-4726-8D4D-9449222F011D}.Debug|x86.ActiveCfg = Debug|x86
		{F94229DC-DD78-4726-8D4D-9449222F011D}.Debug|x86.Build.0 = Debug|x86
		{F94229DC-DD78-4726-8D4D-9449222F011D}.Release|Any CPU.ActiveCfg = Release|Any CPU
		{F94229DC-DD78-4726-8D4D-9449222F011D}.Release|Any CPU.Build.0 = Release|Any CPU
		{F94229DC-DD78-4726-8D4D-9449222F011D}.Release|x64.ActiveCfg = Release|x64
		{F94229DC-DD78-4726-8D4D-9449222F011D}.Release|x64.Build.0 = Release|x64
		{F94229DC-DD78-4726-8D4D-9449222F011D}.Release|x86.ActiveCfg = Release|x86
		{F94229DC-DD78-4726-8D4D-9449222F011D}.Release|x86.Build.0 = Release|x86
		{73E703ED-C3C9-4EE7-B0F5-8CA7FDB07774}.Debug|Any CPU.ActiveCfg = Debug|Any CPU
		{73E703ED-C3C9-4EE7-B0F5-8CA7FDB07774}.Debug|Any CPU.Build.0 = Debug|Any CPU
		{73E703ED-C3C9-4EE7-B0F5-8CA7FDB07774}.Debug|x64.ActiveCfg = Debug|Any CPU
		{73E703ED-C3C9-4EE7-B0F5-8CA7FDB07774}.Debug|x64.Build.0 = Debug|Any CPU
		{73E703ED-C3C9-4EE7-B0F5-8CA7FDB07774}.Debug|x86.ActiveCfg = Debug|Any CPU
		{73E703ED-C3C9-4EE7-B0F5-8CA7FDB07774}.Debug|x86.Build.0 = Debug|Any CPU
		{73E703ED-C3C9-4EE7-B0F5-8CA7FDB07774}.Release|Any CPU.ActiveCfg = Release|Any CPU
		{73E703ED-C3C9-4EE7-B0F5-8CA7FDB07774}.Release|Any CPU.Build.0 = Release|Any CPU
		{73E703ED-C3C9-4EE7-B0F5-8CA7FDB07774}.Release|x64.ActiveCfg = Release|Any CPU
		{73E703ED-C3C9-4EE7-B0F5-8CA7FDB07774}.Release|x64.Build.0 = Release|Any CPU
		{73E703ED-C3C9-4EE7-B0F5-8CA7FDB07774}.Release|x86.ActiveCfg = Release|Any CPU
		{73E703ED-C3C9-4EE7-B0F5-8CA7FDB07774}.Release|x86.Build.0 = Release|Any CPU
		{EA24C96A-0A32-4165-8A76-7A43535E7DBB}.Debug|Any CPU.ActiveCfg = Debug|Any CPU
		{EA24C96A-0A32-4165-8A76-7A43535E7DBB}.Debug|Any CPU.Build.0 = Debug|Any CPU
		{EA24C96A-0A32-4165-8A76-7A43535E7DBB}.Debug|x64.ActiveCfg = Debug|Any CPU
		{EA24C96A-0A32-4165-8A76-7A43535E7DBB}.Debug|x64.Build.0 = Debug|Any CPU
		{EA24C96A-0A32-4165-8A76-7A43535E7DBB}.Debug|x86.ActiveCfg = Debug|Any CPU
		{EA24C96A-0A32-4165-8A76-7A43535E7DBB}.Debug|x86.Build.0 = Debug|Any CPU
		{EA24C96A-0A32-4165-8A76-7A43535E7DBB}.Release|Any CPU.ActiveCfg = Release|Any CPU
		{EA24C96A-0A32-4165-8A76-7A43535E7DBB}.Release|Any CPU.Build.0 = Release|Any CPU
		{EA24C96A-0A32-4165-8A76-7A43535E7DBB}.Release|x64.ActiveCfg = Release|Any CPU
		{EA24C96A-0A32-4165-8A76-7A43535E7DBB}.Release|x64.Build.0 = Release|Any CPU
		{EA24C96A-0A32-4165-8A76-7A43535E7DBB}.Release|x86.ActiveCfg = Release|Any CPU
		{EA24C96A-0A32-4165-8A76-7A43535E7DBB}.Release|x86.Build.0 = Release|Any CPU
	EndGlobalSection
	GlobalSection(SolutionProperties) = preSolution
		HideSolutionNode = FALSE
	EndGlobalSection
	GlobalSection(NestedProjects) = preSolution
		{5003CD52-A4DB-493E-8230-15A7D9E3BE58} = {6BAC630B-3661-4E6E-9780-EDC6A0F112FE}
		{5EA611A1-6B01-4DF6-AF93-37321AFC0433} = {5003CD52-A4DB-493E-8230-15A7D9E3BE58}
		{BC5D91AB-D0D0-44E2-85CC-3A4B91BC13DA} = {5003CD52-A4DB-493E-8230-15A7D9E3BE58}
		{D82B8116-1F28-476C-849A-DFAE03BD2DF0} = {5EA611A1-6B01-4DF6-AF93-37321AFC0433}
		{AAC11083-FACA-405D-9197-5C1212D65656} = {BC5D91AB-D0D0-44E2-85CC-3A4B91BC13DA}
		{E5DC7C25-6293-4660-B5FB-186496386B90} = {BC5D91AB-D0D0-44E2-85CC-3A4B91BC13DA}
		{3531857C-28FC-4E0F-82D9-BFBB70740E04} = {BC5D91AB-D0D0-44E2-85CC-3A4B91BC13DA}
		{BBE51380-8B21-49FF-9CFC-B29447A40999} = {BC5D91AB-D0D0-44E2-85CC-3A4B91BC13DA}
		{6F0C9CFF-2269-46A7-9664-478354C582A4} = {BC5D91AB-D0D0-44E2-85CC-3A4B91BC13DA}
		{D8975365-7641-46FC-A11C-0FC23BFEB8EA} = {4EF94E77-6680-4023-AA8B-609A5881CF4F}
		{548E6D25-AC7D-4A4F-A3A6-D76E1D47C883} = {4EF94E77-6680-4023-AA8B-609A5881CF4F}
		{BEA0B57E-2410-4639-84B8-A1F68338DEE7} = {4EF94E77-6680-4023-AA8B-609A5881CF4F}
		{FE12DC28-87C1-4826-B848-7AA72C8DA514} = {F82C6E44-BDF0-41D0-9FF2-0AF4B27A709D}
		{86744508-80B0-4309-AA55-4E44A535F841} = {F82C6E44-BDF0-41D0-9FF2-0AF4B27A709D}
		{6C276FFE-3D0B-457D-BE5C-42B4CA427A31} = {F82C6E44-BDF0-41D0-9FF2-0AF4B27A709D}
		{17BCF776-573C-4C25-858C-1BECB6880EE6} = {F82C6E44-BDF0-41D0-9FF2-0AF4B27A709D}
		{62D3C2B3-7D0A-422C-95D2-4E8B63025028} = {7795B041-796F-4929-96CC-E97E7DFB3E7A}
		{8FAC25D0-5B25-4B61-87E5-469DB31FE945} = {7795B041-796F-4929-96CC-E97E7DFB3E7A}
		{95CF33B4-B7BD-4B39-971E-89A1CA13E313} = {8C63EAB6-D209-450F-9079-3113B1CB5EF9}
		{A1D6BF5F-7984-4F9C-B115-43A38EE43EE6} = {8C63EAB6-D209-450F-9079-3113B1CB5EF9}
		{1107A221-FC5E-4CB5-8B5B-8D2C0BCD3B52} = {A1D6BF5F-7984-4F9C-B115-43A38EE43EE6}
		{64750523-CAE4-42F4-B5DB-26A109DC96D8} = {F82C6E44-BDF0-41D0-9FF2-0AF4B27A709D}
		{F94229DC-DD78-4726-8D4D-9449222F011D} = {6BAC630B-3661-4E6E-9780-EDC6A0F112FE}
		{73E703ED-C3C9-4EE7-B0F5-8CA7FDB07774} = {F82C6E44-BDF0-41D0-9FF2-0AF4B27A709D}
		{EA24C96A-0A32-4165-8A76-7A43535E7DBB} = {F82C6E44-BDF0-41D0-9FF2-0AF4B27A709D}
	EndGlobalSection
	GlobalSection(ExtensibilityGlobals) = postSolution
		SolutionGuid = {F11E5F25-32D1-42EB-8884-AE58138EDA2C}
	EndGlobalSection
	GlobalSection(SharedMSBuildProjectFiles) = preSolution
		Thirdparty\HandyControl\Shared\Microsoft.Expression.Interactions\Microsoft.Expression.Interactions.projitems*{3531857c-28fc-4e0f-82d9-bfbb70740e04}*SharedItemsImports = 13
		Thirdparty\HandyControl\Shared\System.Windows.Interactivity\System.Windows.Interactivity.projitems*{6f0c9cff-2269-46a7-9664-478354c582a4}*SharedItemsImports = 13
		Thirdparty\HandyControl\Shared\HandyControl_Shared\HandyControl_Shared.projitems*{aac11083-faca-405d-9197-5c1212d65656}*SharedItemsImports = 13
		Thirdparty\HandyControl\Shared\Microsoft.Windows.Shell\Microsoft.Windows.Shell.projitems*{bbe51380-8b21-49ff-9cfc-b29447a40999}*SharedItemsImports = 13
		Thirdparty\HandyControl\Shared\HandyControl_Shared\HandyControl_Shared.projitems*{d82b8116-1f28-476c-849a-dfae03bd2df0}*SharedItemsImports = 5
		Thirdparty\HandyControl\Shared\Microsoft.Expression.Drawing\Microsoft.Expression.Drawing.projitems*{d82b8116-1f28-476c-849a-dfae03bd2df0}*SharedItemsImports = 5
		Thirdparty\HandyControl\Shared\Microsoft.Expression.Interactions\Microsoft.Expression.Interactions.projitems*{d82b8116-1f28-476c-849a-dfae03bd2df0}*SharedItemsImports = 5
		Thirdparty\HandyControl\Shared\System.Windows.Interactivity\System.Windows.Interactivity.projitems*{d82b8116-1f28-476c-849a-dfae03bd2df0}*SharedItemsImports = 5
		Thirdparty\HandyControl\Shared\Microsoft.Expression.Drawing\Microsoft.Expression.Drawing.projitems*{e5dc7c25-6293-4660-b5fb-186496386b90}*SharedItemsImports = 13
	EndGlobalSection
EndGlobal
