
Microsoft Visual Studio Solution File, Format Version 12.00
# Visual Studio Version 17
VisualStudioVersion = 17.8.34322.80
MinimumVisualStudioVersion = 10.0.40219.1
Project("{2150E333-8FDC-42A3-9474-1A3956D46DE8}") = "Core", "Core", "{4EF94E77-6680-4023-AA8B-609A5881CF4F}"
EndProject
Project("{2150E333-8FDC-42A3-9474-1A3956D46DE8}") = "ModuleSolutions", "ModuleSolutions", "{F82C6E44-BDF0-41D0-9FF2-0AF4B27A709D}"
EndProject
Project("{2150E333-8FDC-42A3-9474-1A3956D46DE8}") = "Sevices", "Sevices", "{7795B041-796F-4929-96CC-E97E7DFB3E7A}"
EndProject
Project("{2150E333-8FDC-42A3-9474-1A3956D46DE8}") = "Projects", "Projects", "{7FA482FB-99B0-486E-9EDC-21D4B2BD4D49}"
EndProject
Project("{2150E333-8FDC-42A3-9474-1A3956D46DE8}") = "ModuleProjects", "ModuleProjects", "{9228C441-491B-4C91-83D0-D6EDBC04C314}"
EndProject
Project("{9A19103F-16F7-4668-BE54-9A1E7A4F7556}") = "InnoSoft.Core", "Core\InnoSoft.Core\InnoSoft.Core.csproj", "{64B3DC49-01CA-4329-871C-757948243947}"
EndProject
Project("{9A19103F-16F7-4668-BE54-9A1E7A4F7556}") = "InnoSoft.Shared", "Core\InnoSoft.Shared\InnoSoft.Shared.csproj", "{E90E0B07-4E80-4F60-9AD9-5FC4EBAEEB46}"
EndProject
Project("{9A19103F-16F7-4668-BE54-9A1E7A4F7556}") = "InnoSoft.UI", "Core\InnoSoft.UI\InnoSoft.UI.csproj", "{B00DB827-C9E8-46D5-BD41-12B88444EA81}"
EndProject
Project("{9A19103F-16F7-4668-BE54-9A1E7A4F7556}") = "InnoSoft.Auth", "ModuleSolutions\InnoSoft.Auth\InnoSoft.Auth.csproj", "{3BF34BDE-009E-402D-9BFD-DEC627AAEAFD}"
EndProject
Project("{9A19103F-16F7-4668-BE54-9A1E7A4F7556}") = "InnoSoft.Comport", "ModuleSolutions\InnoSoft.Comport\InnoSoft.Comport.csproj", "{1D2AFA59-D144-4D1B-8FFC-D0EFFC6953E7}"
EndProject
Project("{9A19103F-16F7-4668-BE54-9A1E7A4F7556}") = "InnoSoft.Database", "ModuleSolutions\InnoSoft.Database\InnoSoft.Database.csproj", "{FD7DEF4A-CE48-4EE4-9E66-B85C661C48B4}"
EndProject
Project("{9A19103F-16F7-4668-BE54-9A1E7A4F7556}") = "InnoSoft.LiveChart", "ModuleSolutions\InnoSoft.LiveChart\InnoSoft.LiveChart.csproj", "{0109B2ED-040B-4216-A3B2-0D3DC7473664}"
EndProject
Project("{9A19103F-16F7-4668-BE54-9A1E7A4F7556}") = "InnoSoft.Monitoring", "ModuleSolutions\InnoSoft.Monitoring\InnoSoft.Monitoring.csproj", "{D8C90F20-9227-4B2C-8C3F-179A9C61F738}"
EndProject
Project("{9A19103F-16F7-4668-BE54-9A1E7A4F7556}") = "InnoSoft.PCan", "ModuleSolutions\InnoSoft.PCan\InnoSoft.PCan.csproj", "{421C2A2F-E577-481C-8FAA-AD345AE0F6DE}"
EndProject
Project("{9A19103F-16F7-4668-BE54-9A1E7A4F7556}") = "InnoSoft.Video", "ModuleSolutions\InnoSoft.Video\InnoSoft.Video.csproj", "{0385D28F-76A5-437C-BE81-1378E16D1DEB}"
EndProject
Project("{9A19103F-16F7-4668-BE54-9A1E7A4F7556}") = "InnoSoft.ProjectManagement", "Project\ModuleProjects\InnoSoft.ProjectManagement\InnoSoft.ProjectManagement.csproj", "{FAC81781-E372-41AD-883C-58731FDCC3B9}"
EndProject
Project("{9A19103F-16F7-4668-BE54-9A1E7A4F7556}") = "InnoSoft.SettingAccount", "Project\ModuleProjects\InnoSoft.SettingAccount\InnoSoft.SettingAccount.csproj", "{723AB3D1-E3B2-4942-ACBD-C5C7291B8F16}"
EndProject
Project("{9A19103F-16F7-4668-BE54-9A1E7A4F7556}") = "InnoSoft.Payroll", "Project\InnoSoft.Payroll\InnoSoft.Payroll.csproj", "{38D9CD50-D9D1-45A6-8F6B-C0027B3A3829}"
EndProject
Project("{9A19103F-16F7-4668-BE54-9A1E7A4F7556}") = "InnoSoft.Devices", "Services\InnoSoft.Devices\InnoSoft.Devices.csproj", "{552FC093-3575-484A-B5F5-3F0DCC9576FF}"
EndProject
Project("{9A19103F-16F7-4668-BE54-9A1E7A4F7556}") = "InnoSoft.EntityFramework", "Services\InnoSoft.EntityFramework\InnoSoft.EntityFramework.csproj", "{1EFAE2A9-41B7-4B7F-9825-2CBF8584C6E5}"
EndProject
Project("{9A19103F-16F7-4668-BE54-9A1E7A4F7556}") = "InnoSoft.Shell", "InnoSoft.Shell\InnoSoft.Shell.csproj", "{30E9D781-2D32-4165-9EC3-8CF8AF68A490}"
EndProject
Project("{9A19103F-16F7-4668-BE54-9A1E7A4F7556}") = "InnoSoft.TaskManagement", "Project\ModuleProjects\InnoSoft.TaskManagement\InnoSoft.TaskManagement.csproj", "{FC353E03-F1B9-4690-9572-D6D4412ACCC4}"
EndProject
Global
	GlobalSection(SolutionConfigurationPlatforms) = preSolution
		Debug|Any CPU = Debug|Any CPU
		Debug|x64 = Debug|x64
		Debug|x86 = Debug|x86
		Release|Any CPU = Release|Any CPU
		Release|x64 = Release|x64
		Release|x86 = Release|x86
	EndGlobalSection
	GlobalSection(ProjectConfigurationPlatforms) = postSolution
		{64B3DC49-01CA-4329-871C-757948243947}.Debug|Any CPU.ActiveCfg = Debug|Any CPU
		{64B3DC49-01CA-4329-871C-757948243947}.Debug|Any CPU.Build.0 = Debug|Any CPU
		{64B3DC49-01CA-4329-871C-757948243947}.Debug|x64.ActiveCfg = Debug|Any CPU
		{64B3DC49-01CA-4329-871C-757948243947}.Debug|x64.Build.0 = Debug|Any CPU
		{64B3DC49-01CA-4329-871C-757948243947}.Debug|x86.ActiveCfg = Debug|Any CPU
		{64B3DC49-01CA-4329-871C-757948243947}.Debug|x86.Build.0 = Debug|Any CPU
		{64B3DC49-01CA-4329-871C-757948243947}.Release|Any CPU.ActiveCfg = Release|Any CPU
		{64B3DC49-01CA-4329-871C-757948243947}.Release|Any CPU.Build.0 = Release|Any CPU
		{64B3DC49-01CA-4329-871C-757948243947}.Release|x64.ActiveCfg = Release|Any CPU
		{64B3DC49-01CA-4329-871C-757948243947}.Release|x64.Build.0 = Release|Any CPU
		{64B3DC49-01CA-4329-871C-757948243947}.Release|x86.ActiveCfg = Release|Any CPU
		{64B3DC49-01CA-4329-871C-757948243947}.Release|x86.Build.0 = Release|Any CPU
		{E90E0B07-4E80-4F60-9AD9-5FC4EBAEEB46}.Debug|Any CPU.ActiveCfg = Debug|Any CPU
		{E90E0B07-4E80-4F60-9AD9-5FC4EBAEEB46}.Debug|Any CPU.Build.0 = Debug|Any CPU
		{E90E0B07-4E80-4F60-9AD9-5FC4EBAEEB46}.Debug|x64.ActiveCfg = Debug|Any CPU
		{E90E0B07-4E80-4F60-9AD9-5FC4EBAEEB46}.Debug|x64.Build.0 = Debug|Any CPU
		{E90E0B07-4E80-4F60-9AD9-5FC4EBAEEB46}.Debug|x86.ActiveCfg = Debug|Any CPU
		{E90E0B07-4E80-4F60-9AD9-5FC4EBAEEB46}.Debug|x86.Build.0 = Debug|Any CPU
		{E90E0B07-4E80-4F60-9AD9-5FC4EBAEEB46}.Release|Any CPU.ActiveCfg = Release|Any CPU
		{E90E0B07-4E80-4F60-9AD9-5FC4EBAEEB46}.Release|Any CPU.Build.0 = Release|Any CPU
		{E90E0B07-4E80-4F60-9AD9-5FC4EBAEEB46}.Release|x64.ActiveCfg = Release|Any CPU
		{E90E0B07-4E80-4F60-9AD9-5FC4EBAEEB46}.Release|x64.Build.0 = Release|Any CPU
		{E90E0B07-4E80-4F60-9AD9-5FC4EBAEEB46}.Release|x86.ActiveCfg = Release|Any CPU
		{E90E0B07-4E80-4F60-9AD9-5FC4EBAEEB46}.Release|x86.Build.0 = Release|Any CPU
		{B00DB827-C9E8-46D5-BD41-12B88444EA81}.Debug|Any CPU.ActiveCfg = Debug|Any CPU
		{B00DB827-C9E8-46D5-BD41-12B88444EA81}.Debug|Any CPU.Build.0 = Debug|Any CPU
		{B00DB827-C9E8-46D5-BD41-12B88444EA81}.Debug|x64.ActiveCfg = Debug|Any CPU
		{B00DB827-C9E8-46D5-BD41-12B88444EA81}.Debug|x64.Build.0 = Debug|Any CPU
		{B00DB827-C9E8-46D5-BD41-12B88444EA81}.Debug|x86.ActiveCfg = Debug|Any CPU
		{B00DB827-C9E8-46D5-BD41-12B88444EA81}.Debug|x86.Build.0 = Debug|Any CPU
		{B00DB827-C9E8-46D5-BD41-12B88444EA81}.Release|Any CPU.ActiveCfg = Release|Any CPU
		{B00DB827-C9E8-46D5-BD41-12B88444EA81}.Release|Any CPU.Build.0 = Release|Any CPU
		{B00DB827-C9E8-46D5-BD41-12B88444EA81}.Release|x64.ActiveCfg = Release|Any CPU
		{B00DB827-C9E8-46D5-BD41-12B88444EA81}.Release|x64.Build.0 = Release|Any CPU
		{B00DB827-C9E8-46D5-BD41-12B88444EA81}.Release|x86.ActiveCfg = Release|Any CPU
		{B00DB827-C9E8-46D5-BD41-12B88444EA81}.Release|x86.Build.0 = Release|Any CPU
		{3BF34BDE-009E-402D-9BFD-DEC627AAEAFD}.Debug|Any CPU.ActiveCfg = Debug|Any CPU
		{3BF34BDE-009E-402D-9BFD-DEC627AAEAFD}.Debug|Any CPU.Build.0 = Debug|Any CPU
		{3BF34BDE-009E-402D-9BFD-DEC627AAEAFD}.Debug|x64.ActiveCfg = Debug|Any CPU
		{3BF34BDE-009E-402D-9BFD-DEC627AAEAFD}.Debug|x64.Build.0 = Debug|Any CPU
		{3BF34BDE-009E-402D-9BFD-DEC627AAEAFD}.Debug|x86.ActiveCfg = Debug|Any CPU
		{3BF34BDE-009E-402D-9BFD-DEC627AAEAFD}.Debug|x86.Build.0 = Debug|Any CPU
		{3BF34BDE-009E-402D-9BFD-DEC627AAEAFD}.Release|Any CPU.ActiveCfg = Release|Any CPU
		{3BF34BDE-009E-402D-9BFD-DEC627AAEAFD}.Release|Any CPU.Build.0 = Release|Any CPU
		{3BF34BDE-009E-402D-9BFD-DEC627AAEAFD}.Release|x64.ActiveCfg = Release|Any CPU
		{3BF34BDE-009E-402D-9BFD-DEC627AAEAFD}.Release|x64.Build.0 = Release|Any CPU
		{3BF34BDE-009E-402D-9BFD-DEC627AAEAFD}.Release|x86.ActiveCfg = Release|Any CPU
		{3BF34BDE-009E-402D-9BFD-DEC627AAEAFD}.Release|x86.Build.0 = Release|Any CPU
		{1D2AFA59-D144-4D1B-8FFC-D0EFFC6953E7}.Debug|Any CPU.ActiveCfg = Debug|Any CPU
		{1D2AFA59-D144-4D1B-8FFC-D0EFFC6953E7}.Debug|Any CPU.Build.0 = Debug|Any CPU
		{1D2AFA59-D144-4D1B-8FFC-D0EFFC6953E7}.Debug|x64.ActiveCfg = Debug|Any CPU
		{1D2AFA59-D144-4D1B-8FFC-D0EFFC6953E7}.Debug|x64.Build.0 = Debug|Any CPU
		{1D2AFA59-D144-4D1B-8FFC-D0EFFC6953E7}.Debug|x86.ActiveCfg = Debug|Any CPU
		{1D2AFA59-D144-4D1B-8FFC-D0EFFC6953E7}.Debug|x86.Build.0 = Debug|Any CPU
		{1D2AFA59-D144-4D1B-8FFC-D0EFFC6953E7}.Release|Any CPU.ActiveCfg = Release|Any CPU
		{1D2AFA59-D144-4D1B-8FFC-D0EFFC6953E7}.Release|Any CPU.Build.0 = Release|Any CPU
		{1D2AFA59-D144-4D1B-8FFC-D0EFFC6953E7}.Release|x64.ActiveCfg = Release|Any CPU
		{1D2AFA59-D144-4D1B-8FFC-D0EFFC6953E7}.Release|x64.Build.0 = Release|Any CPU
		{1D2AFA59-D144-4D1B-8FFC-D0EFFC6953E7}.Release|x86.ActiveCfg = Release|Any CPU
		{1D2AFA59-D144-4D1B-8FFC-D0EFFC6953E7}.Release|x86.Build.0 = Release|Any CPU
		{FD7DEF4A-CE48-4EE4-9E66-B85C661C48B4}.Debug|Any CPU.ActiveCfg = Debug|Any CPU
		{FD7DEF4A-CE48-4EE4-9E66-B85C661C48B4}.Debug|Any CPU.Build.0 = Debug|Any CPU
		{FD7DEF4A-CE48-4EE4-9E66-B85C661C48B4}.Debug|x64.ActiveCfg = Debug|Any CPU
		{FD7DEF4A-CE48-4EE4-9E66-B85C661C48B4}.Debug|x64.Build.0 = Debug|Any CPU
		{FD7DEF4A-CE48-4EE4-9E66-B85C661C48B4}.Debug|x86.ActiveCfg = Debug|Any CPU
		{FD7DEF4A-CE48-4EE4-9E66-B85C661C48B4}.Debug|x86.Build.0 = Debug|Any CPU
		{FD7DEF4A-CE48-4EE4-9E66-B85C661C48B4}.Release|Any CPU.ActiveCfg = Release|Any CPU
		{FD7DEF4A-CE48-4EE4-9E66-B85C661C48B4}.Release|Any CPU.Build.0 = Release|Any CPU
		{FD7DEF4A-CE48-4EE4-9E66-B85C661C48B4}.Release|x64.ActiveCfg = Release|Any CPU
		{FD7DEF4A-CE48-4EE4-9E66-B85C661C48B4}.Release|x64.Build.0 = Release|Any CPU
		{FD7DEF4A-CE48-4EE4-9E66-B85C661C48B4}.Release|x86.ActiveCfg = Release|Any CPU
		{FD7DEF4A-CE48-4EE4-9E66-B85C661C48B4}.Release|x86.Build.0 = Release|Any CPU
		{0109B2ED-040B-4216-A3B2-0D3DC7473664}.Debug|Any CPU.ActiveCfg = Debug|Any CPU
		{0109B2ED-040B-4216-A3B2-0D3DC7473664}.Debug|Any CPU.Build.0 = Debug|Any CPU
		{0109B2ED-040B-4216-A3B2-0D3DC7473664}.Debug|x64.ActiveCfg = Debug|Any CPU
		{0109B2ED-040B-4216-A3B2-0D3DC7473664}.Debug|x64.Build.0 = Debug|Any CPU
		{0109B2ED-040B-4216-A3B2-0D3DC7473664}.Debug|x86.ActiveCfg = Debug|Any CPU
		{0109B2ED-040B-4216-A3B2-0D3DC7473664}.Debug|x86.Build.0 = Debug|Any CPU
		{0109B2ED-040B-4216-A3B2-0D3DC7473664}.Release|Any CPU.ActiveCfg = Release|Any CPU
		{0109B2ED-040B-4216-A3B2-0D3DC7473664}.Release|Any CPU.Build.0 = Release|Any CPU
		{0109B2ED-040B-4216-A3B2-0D3DC7473664}.Release|x64.ActiveCfg = Release|Any CPU
		{0109B2ED-040B-4216-A3B2-0D3DC7473664}.Release|x64.Build.0 = Release|Any CPU
		{0109B2ED-040B-4216-A3B2-0D3DC7473664}.Release|x86.ActiveCfg = Release|Any CPU
		{0109B2ED-040B-4216-A3B2-0D3DC7473664}.Release|x86.Build.0 = Release|Any CPU
		{D8C90F20-9227-4B2C-8C3F-179A9C61F738}.Debug|Any CPU.ActiveCfg = Debug|Any CPU
		{D8C90F20-9227-4B2C-8C3F-179A9C61F738}.Debug|Any CPU.Build.0 = Debug|Any CPU
		{D8C90F20-9227-4B2C-8C3F-179A9C61F738}.Debug|x64.ActiveCfg = Debug|Any CPU
		{D8C90F20-9227-4B2C-8C3F-179A9C61F738}.Debug|x64.Build.0 = Debug|Any CPU
		{D8C90F20-9227-4B2C-8C3F-179A9C61F738}.Debug|x86.ActiveCfg = Debug|Any CPU
		{D8C90F20-9227-4B2C-8C3F-179A9C61F738}.Debug|x86.Build.0 = Debug|Any CPU
		{D8C90F20-9227-4B2C-8C3F-179A9C61F738}.Release|Any CPU.ActiveCfg = Release|Any CPU
		{D8C90F20-9227-4B2C-8C3F-179A9C61F738}.Release|Any CPU.Build.0 = Release|Any CPU
		{D8C90F20-9227-4B2C-8C3F-179A9C61F738}.Release|x64.ActiveCfg = Release|Any CPU
		{D8C90F20-9227-4B2C-8C3F-179A9C61F738}.Release|x64.Build.0 = Release|Any CPU
		{D8C90F20-9227-4B2C-8C3F-179A9C61F738}.Release|x86.ActiveCfg = Release|Any CPU
		{D8C90F20-9227-4B2C-8C3F-179A9C61F738}.Release|x86.Build.0 = Release|Any CPU
		{421C2A2F-E577-481C-8FAA-AD345AE0F6DE}.Debug|Any CPU.ActiveCfg = Debug|Any CPU
		{421C2A2F-E577-481C-8FAA-AD345AE0F6DE}.Debug|Any CPU.Build.0 = Debug|Any CPU
		{421C2A2F-E577-481C-8FAA-AD345AE0F6DE}.Debug|x64.ActiveCfg = Debug|Any CPU
		{421C2A2F-E577-481C-8FAA-AD345AE0F6DE}.Debug|x64.Build.0 = Debug|Any CPU
		{421C2A2F-E577-481C-8FAA-AD345AE0F6DE}.Debug|x86.ActiveCfg = Debug|Any CPU
		{421C2A2F-E577-481C-8FAA-AD345AE0F6DE}.Debug|x86.Build.0 = Debug|Any CPU
		{421C2A2F-E577-481C-8FAA-AD345AE0F6DE}.Release|Any CPU.ActiveCfg = Release|Any CPU
		{421C2A2F-E577-481C-8FAA-AD345AE0F6DE}.Release|Any CPU.Build.0 = Release|Any CPU
		{421C2A2F-E577-481C-8FAA-AD345AE0F6DE}.Release|x64.ActiveCfg = Release|Any CPU
		{421C2A2F-E577-481C-8FAA-AD345AE0F6DE}.Release|x64.Build.0 = Release|Any CPU
		{421C2A2F-E577-481C-8FAA-AD345AE0F6DE}.Release|x86.ActiveCfg = Release|Any CPU
		{421C2A2F-E577-481C-8FAA-AD345AE0F6DE}.Release|x86.Build.0 = Release|Any CPU
		{0385D28F-76A5-437C-BE81-1378E16D1DEB}.Debug|Any CPU.ActiveCfg = Debug|Any CPU
		{0385D28F-76A5-437C-BE81-1378E16D1DEB}.Debug|Any CPU.Build.0 = Debug|Any CPU
		{0385D28F-76A5-437C-BE81-1378E16D1DEB}.Debug|x64.ActiveCfg = Debug|Any CPU
		{0385D28F-76A5-437C-BE81-1378E16D1DEB}.Debug|x64.Build.0 = Debug|Any CPU
		{0385D28F-76A5-437C-BE81-1378E16D1DEB}.Debug|x86.ActiveCfg = Debug|Any CPU
		{0385D28F-76A5-437C-BE81-1378E16D1DEB}.Debug|x86.Build.0 = Debug|Any CPU
		{0385D28F-76A5-437C-BE81-1378E16D1DEB}.Release|Any CPU.ActiveCfg = Release|Any CPU
		{0385D28F-76A5-437C-BE81-1378E16D1DEB}.Release|Any CPU.Build.0 = Release|Any CPU
		{0385D28F-76A5-437C-BE81-1378E16D1DEB}.Release|x64.ActiveCfg = Release|Any CPU
		{0385D28F-76A5-437C-BE81-1378E16D1DEB}.Release|x64.Build.0 = Release|Any CPU
		{0385D28F-76A5-437C-BE81-1378E16D1DEB}.Release|x86.ActiveCfg = Release|Any CPU
		{0385D28F-76A5-437C-BE81-1378E16D1DEB}.Release|x86.Build.0 = Release|Any CPU
		{FAC81781-E372-41AD-883C-58731FDCC3B9}.Debug|Any CPU.ActiveCfg = Debug|Any CPU
		{FAC81781-E372-41AD-883C-58731FDCC3B9}.Debug|Any CPU.Build.0 = Debug|Any CPU
		{FAC81781-E372-41AD-883C-58731FDCC3B9}.Debug|x64.ActiveCfg = Debug|Any CPU
		{FAC81781-E372-41AD-883C-58731FDCC3B9}.Debug|x64.Build.0 = Debug|Any CPU
		{FAC81781-E372-41AD-883C-58731FDCC3B9}.Debug|x86.ActiveCfg = Debug|Any CPU
		{FAC81781-E372-41AD-883C-58731FDCC3B9}.Debug|x86.Build.0 = Debug|Any CPU
		{FAC81781-E372-41AD-883C-58731FDCC3B9}.Release|Any CPU.ActiveCfg = Release|Any CPU
		{FAC81781-E372-41AD-883C-58731FDCC3B9}.Release|Any CPU.Build.0 = Release|Any CPU
		{FAC81781-E372-41AD-883C-58731FDCC3B9}.Release|x64.ActiveCfg = Release|Any CPU
		{FAC81781-E372-41AD-883C-58731FDCC3B9}.Release|x64.Build.0 = Release|Any CPU
		{FAC81781-E372-41AD-883C-58731FDCC3B9}.Release|x86.ActiveCfg = Release|Any CPU
		{FAC81781-E372-41AD-883C-58731FDCC3B9}.Release|x86.Build.0 = Release|Any CPU
		{723AB3D1-E3B2-4942-ACBD-C5C7291B8F16}.Debug|Any CPU.ActiveCfg = Debug|Any CPU
		{723AB3D1-E3B2-4942-ACBD-C5C7291B8F16}.Debug|Any CPU.Build.0 = Debug|Any CPU
		{723AB3D1-E3B2-4942-ACBD-C5C7291B8F16}.Debug|x64.ActiveCfg = Debug|Any CPU
		{723AB3D1-E3B2-4942-ACBD-C5C7291B8F16}.Debug|x64.Build.0 = Debug|Any CPU
		{723AB3D1-E3B2-4942-ACBD-C5C7291B8F16}.Debug|x86.ActiveCfg = Debug|Any CPU
		{723AB3D1-E3B2-4942-ACBD-C5C7291B8F16}.Debug|x86.Build.0 = Debug|Any CPU
		{723AB3D1-E3B2-4942-ACBD-C5C7291B8F16}.Release|Any CPU.ActiveCfg = Release|Any CPU
		{723AB3D1-E3B2-4942-ACBD-C5C7291B8F16}.Release|Any CPU.Build.0 = Release|Any CPU
		{723AB3D1-E3B2-4942-ACBD-C5C7291B8F16}.Release|x64.ActiveCfg = Release|Any CPU
		{723AB3D1-E3B2-4942-ACBD-C5C7291B8F16}.Release|x64.Build.0 = Release|Any CPU
		{723AB3D1-E3B2-4942-ACBD-C5C7291B8F16}.Release|x86.ActiveCfg = Release|Any CPU
		{723AB3D1-E3B2-4942-ACBD-C5C7291B8F16}.Release|x86.Build.0 = Release|Any CPU
		{38D9CD50-D9D1-45A6-8F6B-C0027B3A3829}.Debug|Any CPU.ActiveCfg = Debug|Any CPU
		{38D9CD50-D9D1-45A6-8F6B-C0027B3A3829}.Debug|Any CPU.Build.0 = Debug|Any CPU
		{38D9CD50-D9D1-45A6-8F6B-C0027B3A3829}.Debug|x64.ActiveCfg = Debug|Any CPU
		{38D9CD50-D9D1-45A6-8F6B-C0027B3A3829}.Debug|x64.Build.0 = Debug|Any CPU
		{38D9CD50-D9D1-45A6-8F6B-C0027B3A3829}.Debug|x86.ActiveCfg = Debug|Any CPU
		{38D9CD50-D9D1-45A6-8F6B-C0027B3A3829}.Debug|x86.Build.0 = Debug|Any CPU
		{38D9CD50-D9D1-45A6-8F6B-C0027B3A3829}.Release|Any CPU.ActiveCfg = Release|Any CPU
		{38D9CD50-D9D1-45A6-8F6B-C0027B3A3829}.Release|Any CPU.Build.0 = Release|Any CPU
		{38D9CD50-D9D1-45A6-8F6B-C0027B3A3829}.Release|x64.ActiveCfg = Release|Any CPU
		{38D9CD50-D9D1-45A6-8F6B-C0027B3A3829}.Release|x64.Build.0 = Release|Any CPU
		{38D9CD50-D9D1-45A6-8F6B-C0027B3A3829}.Release|x86.ActiveCfg = Release|Any CPU
		{38D9CD50-D9D1-45A6-8F6B-C0027B3A3829}.Release|x86.Build.0 = Release|Any CPU
		{552FC093-3575-484A-B5F5-3F0DCC9576FF}.Debug|Any CPU.ActiveCfg = Debug|Any CPU
		{552FC093-3575-484A-B5F5-3F0DCC9576FF}.Debug|Any CPU.Build.0 = Debug|Any CPU
		{552FC093-3575-484A-B5F5-3F0DCC9576FF}.Debug|x64.ActiveCfg = Debug|Any CPU
		{552FC093-3575-484A-B5F5-3F0DCC9576FF}.Debug|x64.Build.0 = Debug|Any CPU
		{552FC093-3575-484A-B5F5-3F0DCC9576FF}.Debug|x86.ActiveCfg = Debug|Any CPU
		{552FC093-3575-484A-B5F5-3F0DCC9576FF}.Debug|x86.Build.0 = Debug|Any CPU
		{552FC093-3575-484A-B5F5-3F0DCC9576FF}.Release|Any CPU.ActiveCfg = Release|Any CPU
		{552FC093-3575-484A-B5F5-3F0DCC9576FF}.Release|Any CPU.Build.0 = Release|Any CPU
		{552FC093-3575-484A-B5F5-3F0DCC9576FF}.Release|x64.ActiveCfg = Release|Any CPU
		{552FC093-3575-484A-B5F5-3F0DCC9576FF}.Release|x64.Build.0 = Release|Any CPU
		{552FC093-3575-484A-B5F5-3F0DCC9576FF}.Release|x86.ActiveCfg = Release|Any CPU
		{552FC093-3575-484A-B5F5-3F0DCC9576FF}.Release|x86.Build.0 = Release|Any CPU
		{1EFAE2A9-41B7-4B7F-9825-2CBF8584C6E5}.Debug|Any CPU.ActiveCfg = Debug|Any CPU
		{1EFAE2A9-41B7-4B7F-9825-2CBF8584C6E5}.Debug|Any CPU.Build.0 = Debug|Any CPU
		{1EFAE2A9-41B7-4B7F-9825-2CBF8584C6E5}.Debug|x64.ActiveCfg = Debug|Any CPU
		{1EFAE2A9-41B7-4B7F-9825-2CBF8584C6E5}.Debug|x64.Build.0 = Debug|Any CPU
		{1EFAE2A9-41B7-4B7F-9825-2CBF8584C6E5}.Debug|x86.ActiveCfg = Debug|Any CPU
		{1EFAE2A9-41B7-4B7F-9825-2CBF8584C6E5}.Debug|x86.Build.0 = Debug|Any CPU
		{1EFAE2A9-41B7-4B7F-9825-2CBF8584C6E5}.Release|Any CPU.ActiveCfg = Release|Any CPU
		{1EFAE2A9-41B7-4B7F-9825-2CBF8584C6E5}.Release|Any CPU.Build.0 = Release|Any CPU
		{1EFAE2A9-41B7-4B7F-9825-2CBF8584C6E5}.Release|x64.ActiveCfg = Release|Any CPU
		{1EFAE2A9-41B7-4B7F-9825-2CBF8584C6E5}.Release|x64.Build.0 = Release|Any CPU
		{1EFAE2A9-41B7-4B7F-9825-2CBF8584C6E5}.Release|x86.ActiveCfg = Release|Any CPU
		{1EFAE2A9-41B7-4B7F-9825-2CBF8584C6E5}.Release|x86.Build.0 = Release|Any CPU
		{30E9D781-2D32-4165-9EC3-8CF8AF68A490}.Debug|Any CPU.ActiveCfg = Debug|Any CPU
		{30E9D781-2D32-4165-9EC3-8CF8AF68A490}.Debug|Any CPU.Build.0 = Debug|Any CPU
		{30E9D781-2D32-4165-9EC3-8CF8AF68A490}.Debug|x64.ActiveCfg = Debug|Any CPU
		{30E9D781-2D32-4165-9EC3-8CF8AF68A490}.Debug|x64.Build.0 = Debug|Any CPU
		{30E9D781-2D32-4165-9EC3-8CF8AF68A490}.Debug|x86.ActiveCfg = Debug|Any CPU
		{30E9D781-2D32-4165-9EC3-8CF8AF68A490}.Debug|x86.Build.0 = Debug|Any CPU
		{30E9D781-2D32-4165-9EC3-8CF8AF68A490}.Release|Any CPU.ActiveCfg = Release|Any CPU
		{30E9D781-2D32-4165-9EC3-8CF8AF68A490}.Release|Any CPU.Build.0 = Release|Any CPU
		{30E9D781-2D32-4165-9EC3-8CF8AF68A490}.Release|x64.ActiveCfg = Release|Any CPU
		{30E9D781-2D32-4165-9EC3-8CF8AF68A490}.Release|x64.Build.0 = Release|Any CPU
		{30E9D781-2D32-4165-9EC3-8CF8AF68A490}.Release|x86.ActiveCfg = Release|Any CPU
		{30E9D781-2D32-4165-9EC3-8CF8AF68A490}.Release|x86.Build.0 = Release|Any CPU
		{FC353E03-F1B9-4690-9572-D6D4412ACCC4}.Debug|Any CPU.ActiveCfg = Debug|Any CPU
		{FC353E03-F1B9-4690-9572-D6D4412ACCC4}.Debug|Any CPU.Build.0 = Debug|Any CPU
		{FC353E03-F1B9-4690-9572-D6D4412ACCC4}.Debug|x64.ActiveCfg = Debug|Any CPU
		{FC353E03-F1B9-4690-9572-D6D4412ACCC4}.Debug|x64.Build.0 = Debug|Any CPU
		{FC353E03-F1B9-4690-9572-D6D4412ACCC4}.Debug|x86.ActiveCfg = Debug|Any CPU
		{FC353E03-F1B9-4690-9572-D6D4412ACCC4}.Debug|x86.Build.0 = Debug|Any CPU
		{FC353E03-F1B9-4690-9572-D6D4412ACCC4}.Release|Any CPU.ActiveCfg = Release|Any CPU
		{FC353E03-F1B9-4690-9572-D6D4412ACCC4}.Release|Any CPU.Build.0 = Release|Any CPU
		{FC353E03-F1B9-4690-9572-D6D4412ACCC4}.Release|x64.ActiveCfg = Release|Any CPU
		{FC353E03-F1B9-4690-9572-D6D4412ACCC4}.Release|x64.Build.0 = Release|Any CPU
		{FC353E03-F1B9-4690-9572-D6D4412ACCC4}.Release|x86.ActiveCfg = Release|Any CPU
		{FC353E03-F1B9-4690-9572-D6D4412ACCC4}.Release|x86.Build.0 = Release|Any CPU
	EndGlobalSection
	GlobalSection(SolutionProperties) = preSolution
		HideSolutionNode = FALSE
	EndGlobalSection
	GlobalSection(NestedProjects) = preSolution
		{9228C441-491B-4C91-83D0-D6EDBC04C314} = {7FA482FB-99B0-486E-9EDC-21D4B2BD4D49}
		{64B3DC49-01CA-4329-871C-757948243947} = {4EF94E77-6680-4023-AA8B-609A5881CF4F}
		{E90E0B07-4E80-4F60-9AD9-5FC4EBAEEB46} = {4EF94E77-6680-4023-AA8B-609A5881CF4F}
		{B00DB827-C9E8-46D5-BD41-12B88444EA81} = {4EF94E77-6680-4023-AA8B-609A5881CF4F}
		{3BF34BDE-009E-402D-9BFD-DEC627AAEAFD} = {F82C6E44-BDF0-41D0-9FF2-0AF4B27A709D}
		{1D2AFA59-D144-4D1B-8FFC-D0EFFC6953E7} = {F82C6E44-BDF0-41D0-9FF2-0AF4B27A709D}
		{FD7DEF4A-CE48-4EE4-9E66-B85C661C48B4} = {F82C6E44-BDF0-41D0-9FF2-0AF4B27A709D}
		{0109B2ED-040B-4216-A3B2-0D3DC7473664} = {F82C6E44-BDF0-41D0-9FF2-0AF4B27A709D}
		{D8C90F20-9227-4B2C-8C3F-179A9C61F738} = {F82C6E44-BDF0-41D0-9FF2-0AF4B27A709D}
		{421C2A2F-E577-481C-8FAA-AD345AE0F6DE} = {F82C6E44-BDF0-41D0-9FF2-0AF4B27A709D}
		{0385D28F-76A5-437C-BE81-1378E16D1DEB} = {F82C6E44-BDF0-41D0-9FF2-0AF4B27A709D}
		{FAC81781-E372-41AD-883C-58731FDCC3B9} = {9228C441-491B-4C91-83D0-D6EDBC04C314}
		{723AB3D1-E3B2-4942-ACBD-C5C7291B8F16} = {9228C441-491B-4C91-83D0-D6EDBC04C314}
		{38D9CD50-D9D1-45A6-8F6B-C0027B3A3829} = {7FA482FB-99B0-486E-9EDC-21D4B2BD4D49}
		{552FC093-3575-484A-B5F5-3F0DCC9576FF} = {7795B041-796F-4929-96CC-E97E7DFB3E7A}
		{1EFAE2A9-41B7-4B7F-9825-2CBF8584C6E5} = {7795B041-796F-4929-96CC-E97E7DFB3E7A}
		{FC353E03-F1B9-4690-9572-D6D4412ACCC4} = {9228C441-491B-4C91-83D0-D6EDBC04C314}
	EndGlobalSection
	GlobalSection(ExtensibilityGlobals) = postSolution
		SolutionGuid = {F11E5F25-32D1-42EB-8884-AE58138EDA2C}
	EndGlobalSection
EndGlobal
